
Microsoft Visual Studio Solution File, Format Version 12.00
# Visual Studio 15
VisualStudioVersion = 15.0.27428.2037
MinimumVisualStudioVersion = 10.0.40219.1
Project("{FAE04EC0-301F-11D3-BF4B-00C04F79EFBC}") = "CityInfo.API", "CityInfo.API\CityInfo.API.csproj", "{48E946AD-8189-449B-8118-878D8356E3B7}"
EndProject
Global
	GlobalSection(SolutionConfigurationPlatforms) = preSolution
		Debug|Any CPU = Debug|Any CPU
		Release|Any CPU = Release|Any CPU
	EndGlobalSection
	GlobalSection(ProjectConfigurationPlatforms) = postSolution
		{48E946AD-8189-449B-8118-878D8356E3B7}.Debug|Any CPU.ActiveCfg = Debug|Any CPU
		{48E946AD-8189-449B-8118-878D8356E3B7}.Debug|Any CPU.Build.0 = Debug|Any CPU
		{48E946AD-8189-449B-8118-878D8356E3B7}.Release|Any CPU.ActiveCfg = Release|Any CPU
		{48E946AD-8189-449B-8118-878D8356E3B7}.Release|Any CPU.Build.0 = Release|Any CPU
	EndGlobalSection
	GlobalSection(SolutionProperties) = preSolution
		HideSolutionNode = FALSE
	EndGlobalSection
	GlobalSection(ExtensibilityGlobals) = postSolution
		SolutionGuid = {FDADDCAC-25DF-4544-83CA-68C3C4D8FB1E}
	EndGlobalSection
EndGlobal
